
Microsoft Visual Studio Solution File, Format Version 12.00
# Visual Studio Version 16
VisualStudioVersion = 16.0.29209.62
MinimumVisualStudioVersion = 10.0.40219.1
Project("{FAE04EC0-301F-11D3-BF4B-00C04F79EFBC}") = "RoverMars", "RoverMars.csproj", "{58A2D901-DEB4-4908-BBF6-916F89E792FD}"
EndProject
Project("{FAE04EC0-301F-11D3-BF4B-00C04F79EFBC}") = "RoverMars.Mars.Domain", "..\RoverMars.Mars.Domain\RoverMars.Mars.Domain.csproj", "{FD347E63-CAC5-4910-BDDD-EB23CE0F0680}"
EndProject
Project("{FAE04EC0-301F-11D3-BF4B-00C04F79EFBC}") = "RoverMars.Rover.Domain", "..\RoverMars.Rover.Domain\RoverMars.Rover.Domain.csproj", "{D000EA48-FBAD-46B0-9D36-914FE66C95AB}"
EndProject
Global
	GlobalSection(SolutionConfigurationPlatforms) = preSolution
		Debug|Any CPU = Debug|Any CPU
		Release|Any CPU = Release|Any CPU
	EndGlobalSection
	GlobalSection(ProjectConfigurationPlatforms) = postSolution
		{58A2D901-DEB4-4908-BBF6-916F89E792FD}.Debug|Any CPU.ActiveCfg = Debug|Any CPU
		{58A2D901-DEB4-4908-BBF6-916F89E792FD}.Debug|Any CPU.Build.0 = Debug|Any CPU
		{58A2D901-DEB4-4908-BBF6-916F89E792FD}.Release|Any CPU.ActiveCfg = Release|Any CPU
		{58A2D901-DEB4-4908-BBF6-916F89E792FD}.Release|Any CPU.Build.0 = Release|Any CPU
		{FD347E63-CAC5-4910-BDDD-EB23CE0F0680}.Debug|Any CPU.ActiveCfg = Debug|Any CPU
		{FD347E63-CAC5-4910-BDDD-EB23CE0F0680}.Debug|Any CPU.Build.0 = Debug|Any CPU
		{FD347E63-CAC5-4910-BDDD-EB23CE0F0680}.Release|Any CPU.ActiveCfg = Release|Any CPU
		{FD347E63-CAC5-4910-BDDD-EB23CE0F0680}.Release|Any CPU.Build.0 = Release|Any CPU
		{D000EA48-FBAD-46B0-9D36-914FE66C95AB}.Debug|Any CPU.ActiveCfg = Debug|Any CPU
		{D000EA48-FBAD-46B0-9D36-914FE66C95AB}.Debug|Any CPU.Build.0 = Debug|Any CPU
		{D000EA48-FBAD-46B0-9D36-914FE66C95AB}.Release|Any CPU.ActiveCfg = Release|Any CPU
		{D000EA48-FBAD-46B0-9D36-914FE66C95AB}.Release|Any CPU.Build.0 = Release|Any CPU
	EndGlobalSection
	GlobalSection(SolutionProperties) = preSolution
		HideSolutionNode = FALSE
	EndGlobalSection
	GlobalSection(ExtensibilityGlobals) = postSolution
		SolutionGuid = {230A2138-277B-45E6-BCEC-04435FBB2B4E}
	EndGlobalSection
EndGlobal
